// !$*UTF8*$!
{
	archiveVersion = 1;
	classes = {
	};
	objectVersion = 56;
	objects = {

/* Begin PBXBuildFile section */
		89B2E1EE2A68376100D01D18 /* PlantStatsModel.swift in Sources */ = {isa = PBXBuildFile; fileRef = 89B2E1ED2A68376100D01D18 /* PlantStatsModel.swift */; };
		F946FA8C2A5CA6C00016C794 /* PlantStatsTile.swift in Sources */ = {isa = PBXBuildFile; fileRef = F946FA862A5CA6BF0016C794 /* PlantStatsTile.swift */; };
		F946FA8E2A5CA6C00016C794 /* PlantDetailView.swift in Sources */ = {isa = PBXBuildFile; fileRef = F946FA882A5CA6BF0016C794 /* PlantDetailView.swift */; };
		F946FA942A5CA7110016C794 /* ViewExtension.swift in Sources */ = {isa = PBXBuildFile; fileRef = F946FA932A5CA7110016C794 /* ViewExtension.swift */; };
		F946FA962A5CA7560016C794 /* DoubleExtension.swift in Sources */ = {isa = PBXBuildFile; fileRef = F946FA952A5CA7560016C794 /* DoubleExtension.swift */; };
		F947E2B32A2B321400DD91DD /* Water_That_PlantApp.swift in Sources */ = {isa = PBXBuildFile; fileRef = F947E2B22A2B321400DD91DD /* Water_That_PlantApp.swift */; };
		F947E2B72A2B321500DD91DD /* Assets.xcassets in Resources */ = {isa = PBXBuildFile; fileRef = F947E2B62A2B321500DD91DD /* Assets.xcassets */; };
		F947E2BA2A2B321500DD91DD /* Preview Assets.xcassets in Resources */ = {isa = PBXBuildFile; fileRef = F947E2B92A2B321500DD91DD /* Preview Assets.xcassets */; };
		F947E2C32A2B32A100DD91DD /* Plant.xcdatamodeld in Sources */ = {isa = PBXBuildFile; fileRef = F947E2C02A2B32A100DD91DD /* Plant.xcdatamodeld */; };
		F947E2C72A2B33AD00DD91DD /* BLEManager.swift in Sources */ = {isa = PBXBuildFile; fileRef = F947E2C62A2B33AD00DD91DD /* BLEManager.swift */; };
		F947E2CD2A2B38D000DD91DD /* SensorsListViewModel.swift in Sources */ = {isa = PBXBuildFile; fileRef = F947E2CB2A2B38D000DD91DD /* SensorsListViewModel.swift */; };
		F947E2CE2A2B38D000DD91DD /* SensorsListView.swift in Sources */ = {isa = PBXBuildFile; fileRef = F947E2CA2A2B38D000DD91DD /* SensorsListView.swift */; };
		F947E2CF2A2B38D000DD91DD /* SensorModel.swift in Sources */ = {isa = PBXBuildFile; fileRef = F947E2CC2A2B38D000DD91DD /* SensorModel.swift */; };
		F947E2D72A2BB82F00DD91DD /* PersistenceController.swift in Sources */ = {isa = PBXBuildFile; fileRef = F947E2D62A2BB82F00DD91DD /* PersistenceController.swift */; };
		F947E2D92A2D073C00DD91DD /* CDPlant+Extension.swift in Sources */ = {isa = PBXBuildFile; fileRef = F947E2D82A2D073C00DD91DD /* CDPlant+Extension.swift */; };
		F947E2EC2A31FB4C00DD91DD /* TextFieldClearButtonModifier.swift in Sources */ = {isa = PBXBuildFile; fileRef = F947E2EB2A31FB4C00DD91DD /* TextFieldClearButtonModifier.swift */; };
		F98872B72A6F1AD9002E9484 /* PlantDetailTopBar.swift in Sources */ = {isa = PBXBuildFile; fileRef = F98872B62A6F1AD9002E9484 /* PlantDetailTopBar.swift */; };
		F98872BA2A72D08A002E9484 /* AddPlantViewModel.swift in Sources */ = {isa = PBXBuildFile; fileRef = F98872B92A72D08A002E9484 /* AddPlantViewModel.swift */; };
		F98872D62A7FE3B8002E9484 /* ProgressBarView.swift in Sources */ = {isa = PBXBuildFile; fileRef = F98872D52A7FE3B8002E9484 /* ProgressBarView.swift */; };
		F98872D92A7FEF9D002E9484 /* PlantView.swift in Sources */ = {isa = PBXBuildFile; fileRef = F98872D72A7FEF9D002E9484 /* PlantView.swift */; };
		F98872DA2A7FEF9D002E9484 /* PlantViewModel.swift in Sources */ = {isa = PBXBuildFile; fileRef = F98872D82A7FEF9D002E9484 /* PlantViewModel.swift */; };
		F98A52A82ADB0FD9005A261C /* PlantsList.swift in Sources */ = {isa = PBXBuildFile; fileRef = F98A52A72ADB0FD9005A261C /* PlantsList.swift */; };
		F98FACA62A643C5100BA1DD6 /* AddPlantView.swift in Sources */ = {isa = PBXBuildFile; fileRef = F98FACA52A643C5100BA1DD6 /* AddPlantView.swift */; };
		F996D48C2A5F174600FF0DEF /* DataExtension.swift in Sources */ = {isa = PBXBuildFile; fileRef = F996D48B2A5F174600FF0DEF /* DataExtension.swift */; };
		F9A780472A3DE64900F6E3AA /* PlantListViewModel.swift in Sources */ = {isa = PBXBuildFile; fileRef = F9A780462A3DE64900F6E3AA /* PlantListViewModel.swift */; };
		F9A7804C2A3DE93300F6E3AA /* PlantErrorType.swift in Sources */ = {isa = PBXBuildFile; fileRef = F9A7804B2A3DE93300F6E3AA /* PlantErrorType.swift */; };
		F9A7806D2A4232EB00F6E3AA /* PlantListTileView.swift in Sources */ = {isa = PBXBuildFile; fileRef = F9A7806C2A4232EB00F6E3AA /* PlantListTileView.swift */; };
		F9A780CA2A57206600F6E3AA /* ColorExtension.swift in Sources */ = {isa = PBXBuildFile; fileRef = F9A780C92A57206600F6E3AA /* ColorExtension.swift */; };
		F9A780CC2A57209900F6E3AA /* ShapeExtension.swift in Sources */ = {isa = PBXBuildFile; fileRef = F9A780CB2A57209900F6E3AA /* ShapeExtension.swift */; };
		F9B8AEA82A609EE600D4BD8B /* PlantStatistics.swift in Sources */ = {isa = PBXBuildFile; fileRef = F9B8AEA72A609EE600D4BD8B /* PlantStatistics.swift */; };
		F9B8AEAA2A63E6B000D4BD8B /* PreviewPlant.swift in Sources */ = {isa = PBXBuildFile; fileRef = F9B8AEA92A63E6B000D4BD8B /* PreviewPlant.swift */; };
		F9D643D02AEE7583001FC17F /* MainView.swift in Sources */ = {isa = PBXBuildFile; fileRef = F9D643CF2AEE7583001FC17F /* MainView.swift */; };
/* End PBXBuildFile section */

/* Begin PBXFileReference section */
		89B2E1ED2A68376100D01D18 /* PlantStatsModel.swift */ = {isa = PBXFileReference; lastKnownFileType = sourcecode.swift; path = PlantStatsModel.swift; sourceTree = "<group>"; };
		F946FA862A5CA6BF0016C794 /* PlantStatsTile.swift */ = {isa = PBXFileReference; fileEncoding = 4; lastKnownFileType = sourcecode.swift; path = PlantStatsTile.swift; sourceTree = "<group>"; };
		F946FA882A5CA6BF0016C794 /* PlantDetailView.swift */ = {isa = PBXFileReference; fileEncoding = 4; lastKnownFileType = sourcecode.swift; path = PlantDetailView.swift; sourceTree = "<group>"; };
		F946FA932A5CA7110016C794 /* ViewExtension.swift */ = {isa = PBXFileReference; lastKnownFileType = sourcecode.swift; path = ViewExtension.swift; sourceTree = "<group>"; };
		F946FA952A5CA7560016C794 /* DoubleExtension.swift */ = {isa = PBXFileReference; lastKnownFileType = sourcecode.swift; path = DoubleExtension.swift; sourceTree = "<group>"; };
		F947E2AF2A2B321400DD91DD /* Water That Plant.app */ = {isa = PBXFileReference; explicitFileType = wrapper.application; includeInIndex = 0; path = "Water That Plant.app"; sourceTree = BUILT_PRODUCTS_DIR; };
		F947E2B22A2B321400DD91DD /* Water_That_PlantApp.swift */ = {isa = PBXFileReference; lastKnownFileType = sourcecode.swift; path = Water_That_PlantApp.swift; sourceTree = "<group>"; };
		F947E2B62A2B321500DD91DD /* Assets.xcassets */ = {isa = PBXFileReference; lastKnownFileType = folder.assetcatalog; path = Assets.xcassets; sourceTree = "<group>"; };
		F947E2B92A2B321500DD91DD /* Preview Assets.xcassets */ = {isa = PBXFileReference; lastKnownFileType = folder.assetcatalog; path = "Preview Assets.xcassets"; sourceTree = "<group>"; };
		F947E2C12A2B32A100DD91DD /* Plant.xcdatamodel */ = {isa = PBXFileReference; lastKnownFileType = wrapper.xcdatamodel; path = Plant.xcdatamodel; sourceTree = "<group>"; };
		F947E2C62A2B33AD00DD91DD /* BLEManager.swift */ = {isa = PBXFileReference; lastKnownFileType = sourcecode.swift; path = BLEManager.swift; sourceTree = "<group>"; };
		F947E2CA2A2B38D000DD91DD /* SensorsListView.swift */ = {isa = PBXFileReference; lastKnownFileType = sourcecode.swift; path = SensorsListView.swift; sourceTree = "<group>"; };
		F947E2CB2A2B38D000DD91DD /* SensorsListViewModel.swift */ = {isa = PBXFileReference; lastKnownFileType = sourcecode.swift; path = SensorsListViewModel.swift; sourceTree = "<group>"; };
		F947E2CC2A2B38D000DD91DD /* SensorModel.swift */ = {isa = PBXFileReference; lastKnownFileType = sourcecode.swift; path = SensorModel.swift; sourceTree = "<group>"; };
		F947E2D62A2BB82F00DD91DD /* PersistenceController.swift */ = {isa = PBXFileReference; lastKnownFileType = sourcecode.swift; path = PersistenceController.swift; sourceTree = "<group>"; };
		F947E2D82A2D073C00DD91DD /* CDPlant+Extension.swift */ = {isa = PBXFileReference; lastKnownFileType = sourcecode.swift; path = "CDPlant+Extension.swift"; sourceTree = "<group>"; };
		F947E2EB2A31FB4C00DD91DD /* TextFieldClearButtonModifier.swift */ = {isa = PBXFileReference; lastKnownFileType = sourcecode.swift; path = TextFieldClearButtonModifier.swift; sourceTree = "<group>"; };
		F98872B62A6F1AD9002E9484 /* PlantDetailTopBar.swift */ = {isa = PBXFileReference; lastKnownFileType = sourcecode.swift; path = PlantDetailTopBar.swift; sourceTree = "<group>"; };
		F98872B92A72D08A002E9484 /* AddPlantViewModel.swift */ = {isa = PBXFileReference; lastKnownFileType = sourcecode.swift; path = AddPlantViewModel.swift; sourceTree = "<group>"; };
		F98872D52A7FE3B8002E9484 /* ProgressBarView.swift */ = {isa = PBXFileReference; fileEncoding = 4; lastKnownFileType = sourcecode.swift; path = ProgressBarView.swift; sourceTree = "<group>"; };
		F98872D72A7FEF9D002E9484 /* PlantView.swift */ = {isa = PBXFileReference; fileEncoding = 4; lastKnownFileType = sourcecode.swift; path = PlantView.swift; sourceTree = "<group>"; };
		F98872D82A7FEF9D002E9484 /* PlantViewModel.swift */ = {isa = PBXFileReference; fileEncoding = 4; lastKnownFileType = sourcecode.swift; path = PlantViewModel.swift; sourceTree = "<group>"; };
		F98A52A72ADB0FD9005A261C /* PlantsList.swift */ = {isa = PBXFileReference; lastKnownFileType = sourcecode.swift; path = PlantsList.swift; sourceTree = "<group>"; };
		F98FACA52A643C5100BA1DD6 /* AddPlantView.swift */ = {isa = PBXFileReference; lastKnownFileType = sourcecode.swift; path = AddPlantView.swift; sourceTree = "<group>"; };
		F996D48B2A5F174600FF0DEF /* DataExtension.swift */ = {isa = PBXFileReference; lastKnownFileType = sourcecode.swift; path = DataExtension.swift; sourceTree = "<group>"; };
		F9A780462A3DE64900F6E3AA /* PlantListViewModel.swift */ = {isa = PBXFileReference; lastKnownFileType = sourcecode.swift; path = PlantListViewModel.swift; sourceTree = "<group>"; };
		F9A7804B2A3DE93300F6E3AA /* PlantErrorType.swift */ = {isa = PBXFileReference; lastKnownFileType = sourcecode.swift; path = PlantErrorType.swift; sourceTree = "<group>"; };
		F9A7806C2A4232EB00F6E3AA /* PlantListTileView.swift */ = {isa = PBXFileReference; lastKnownFileType = sourcecode.swift; path = PlantListTileView.swift; sourceTree = "<group>"; };
		F9A780C92A57206600F6E3AA /* ColorExtension.swift */ = {isa = PBXFileReference; lastKnownFileType = sourcecode.swift; path = ColorExtension.swift; sourceTree = "<group>"; };
		F9A780CB2A57209900F6E3AA /* ShapeExtension.swift */ = {isa = PBXFileReference; lastKnownFileType = sourcecode.swift; path = ShapeExtension.swift; sourceTree = "<group>"; };
		F9B8AEA72A609EE600D4BD8B /* PlantStatistics.swift */ = {isa = PBXFileReference; lastKnownFileType = sourcecode.swift; path = PlantStatistics.swift; sourceTree = "<group>"; };
		F9B8AEA92A63E6B000D4BD8B /* PreviewPlant.swift */ = {isa = PBXFileReference; lastKnownFileType = sourcecode.swift; path = PreviewPlant.swift; sourceTree = "<group>"; };
		F9D643CF2AEE7583001FC17F /* MainView.swift */ = {isa = PBXFileReference; fileEncoding = 4; lastKnownFileType = sourcecode.swift; path = MainView.swift; sourceTree = "<group>"; };
/* End PBXFileReference section */

/* Begin PBXFrameworksBuildPhase section */
		F947E2AC2A2B321400DD91DD /* Frameworks */ = {
			isa = PBXFrameworksBuildPhase;
			buildActionMask = 2147483647;
			files = (
			);
			runOnlyForDeploymentPostprocessing = 0;
		};
/* End PBXFrameworksBuildPhase section */

/* Begin PBXGroup section */
		89B2E1EF2A68378400D01D18 /* PlantStatsTile */ = {
			isa = PBXGroup;
			children = (
				89B2E1ED2A68376100D01D18 /* PlantStatsModel.swift */,
				F946FA862A5CA6BF0016C794 /* PlantStatsTile.swift */,
			);
			path = PlantStatsTile;
			sourceTree = "<group>";
		};
		F946FA922A5CA6C50016C794 /* PlantDetailsView */ = {
			isa = PBXGroup;
			children = (
				F946FA882A5CA6BF0016C794 /* PlantDetailView.swift */,
				F98872D52A7FE3B8002E9484 /* ProgressBarView.swift */,
				F98872B62A6F1AD9002E9484 /* PlantDetailTopBar.swift */,
				F9B8AEA72A609EE600D4BD8B /* PlantStatistics.swift */,
				89B2E1EF2A68378400D01D18 /* PlantStatsTile */,
			);
			path = PlantDetailsView;
			sourceTree = "<group>";
		};
		F947E2A62A2B321400DD91DD = {
			isa = PBXGroup;
			children = (
				F947E2B12A2B321400DD91DD /* Water That Plant */,
				F947E2B02A2B321400DD91DD /* Products */,
			);
			sourceTree = "<group>";
		};
		F947E2B02A2B321400DD91DD /* Products */ = {
			isa = PBXGroup;
			children = (
				F947E2AF2A2B321400DD91DD /* Water That Plant.app */,
			);
			name = Products;
			sourceTree = "<group>";
		};
		F947E2B12A2B321400DD91DD /* Water That Plant */ = {
			isa = PBXGroup;
			children = (
				F947E2B22A2B321400DD91DD /* Water_That_PlantApp.swift */,
				F9A780482A3DE64F00F6E3AA /* PlantList */,
				F98872B82A72D054002E9484 /* AddPlant */,
				F946FA922A5CA6C50016C794 /* PlantDetailsView */,
				F947E2D02A2B38DA00DD91DD /* SensorList */,
				F947E2D12A2B38F800DD91DD /* Managers */,
				F947E2C52A2B32A900DD91DD /* CoreData */,
				F9A780CD2A5720A100F6E3AA /* Extensions */,
				F947E2ED2A31FB6700DD91DD /* SupportFiles */,
				F947E2B62A2B321500DD91DD /* Assets.xcassets */,
				F947E2B82A2B321500DD91DD /* Preview Content */,
			);
			path = "Water That Plant";
			sourceTree = "<group>";
		};
		F947E2B82A2B321500DD91DD /* Preview Content */ = {
			isa = PBXGroup;
			children = (
				F947E2B92A2B321500DD91DD /* Preview Assets.xcassets */,
			);
			path = "Preview Content";
			sourceTree = "<group>";
		};
		F947E2C52A2B32A900DD91DD /* CoreData */ = {
			isa = PBXGroup;
			children = (
				F947E2C02A2B32A100DD91DD /* Plant.xcdatamodeld */,
				F9B8AEA92A63E6B000D4BD8B /* PreviewPlant.swift */,
				F947E2D62A2BB82F00DD91DD /* PersistenceController.swift */,
				F947E2D82A2D073C00DD91DD /* CDPlant+Extension.swift */,
			);
			path = CoreData;
			sourceTree = "<group>";
		};
		F947E2D02A2B38DA00DD91DD /* SensorList */ = {
			isa = PBXGroup;
			children = (
				F947E2CC2A2B38D000DD91DD /* SensorModel.swift */,
				F947E2CA2A2B38D000DD91DD /* SensorsListView.swift */,
				F947E2CB2A2B38D000DD91DD /* SensorsListViewModel.swift */,
			);
			path = SensorList;
			sourceTree = "<group>";
		};
		F947E2D12A2B38F800DD91DD /* Managers */ = {
			isa = PBXGroup;
			children = (
				F947E2C62A2B33AD00DD91DD /* BLEManager.swift */,
			);
			path = Managers;
			sourceTree = "<group>";
		};
		F947E2ED2A31FB6700DD91DD /* SupportFiles */ = {
			isa = PBXGroup;
			children = (
				F9A7804B2A3DE93300F6E3AA /* PlantErrorType.swift */,
				F947E2EB2A31FB4C00DD91DD /* TextFieldClearButtonModifier.swift */,
			);
			path = SupportFiles;
			sourceTree = "<group>";
		};
		F98872B82A72D054002E9484 /* AddPlant */ = {
			isa = PBXGroup;
			children = (
				F98FACA52A643C5100BA1DD6 /* AddPlantView.swift */,
				F98872D72A7FEF9D002E9484 /* PlantView.swift */,
				F98872B92A72D08A002E9484 /* AddPlantViewModel.swift */,
				F98872D82A7FEF9D002E9484 /* PlantViewModel.swift */,
			);
			path = AddPlant;
			sourceTree = "<group>";
		};
		F9A780482A3DE64F00F6E3AA /* PlantList */ = {
			isa = PBXGroup;
			children = (
				F9D643CF2AEE7583001FC17F /* MainView.swift */,
				F98A52A72ADB0FD9005A261C /* PlantsList.swift */,
				F9A7806C2A4232EB00F6E3AA /* PlantListTileView.swift */,
				F9A780462A3DE64900F6E3AA /* PlantListViewModel.swift */,
			);
			path = PlantList;
			sourceTree = "<group>";
		};
		F9A780CD2A5720A100F6E3AA /* Extensions */ = {
			isa = PBXGroup;
			children = (
				F946FA952A5CA7560016C794 /* DoubleExtension.swift */,
				F9A780CB2A57209900F6E3AA /* ShapeExtension.swift */,
				F9A780C92A57206600F6E3AA /* ColorExtension.swift */,
				F946FA932A5CA7110016C794 /* ViewExtension.swift */,
				F996D48B2A5F174600FF0DEF /* DataExtension.swift */,
			);
			path = Extensions;
			sourceTree = "<group>";
		};
/* End PBXGroup section */

/* Begin PBXNativeTarget section */
		F947E2AE2A2B321400DD91DD /* Water That Plant */ = {
			isa = PBXNativeTarget;
			buildConfigurationList = F947E2BD2A2B321500DD91DD /* Build configuration list for PBXNativeTarget "Water That Plant" */;
			buildPhases = (
				F947E2AB2A2B321400DD91DD /* Sources */,
				F947E2AC2A2B321400DD91DD /* Frameworks */,
				F947E2AD2A2B321400DD91DD /* Resources */,
			);
			buildRules = (
			);
			dependencies = (
			);
			name = "Water That Plant";
			productName = "Water That Plant";
			productReference = F947E2AF2A2B321400DD91DD /* Water That Plant.app */;
			productType = "com.apple.product-type.application";
		};
/* End PBXNativeTarget section */

/* Begin PBXProject section */
		F947E2A72A2B321400DD91DD /* Project object */ = {
			isa = PBXProject;
			attributes = {
				BuildIndependentTargetsInParallel = 1;
				LastSwiftUpdateCheck = 1430;
				LastUpgradeCheck = 1430;
				TargetAttributes = {
					F947E2AE2A2B321400DD91DD = {
						CreatedOnToolsVersion = 14.3;
					};
				};
			};
			buildConfigurationList = F947E2AA2A2B321400DD91DD /* Build configuration list for PBXProject "Water That Plant" */;
			compatibilityVersion = "Xcode 14.0";
			developmentRegion = en;
			hasScannedForEncodings = 0;
			knownRegions = (
				en,
				Base,
			);
			mainGroup = F947E2A62A2B321400DD91DD;
			productRefGroup = F947E2B02A2B321400DD91DD /* Products */;
			projectDirPath = "";
			projectRoot = "";
			targets = (
				F947E2AE2A2B321400DD91DD /* Water That Plant */,
			);
		};
/* End PBXProject section */

/* Begin PBXResourcesBuildPhase section */
		F947E2AD2A2B321400DD91DD /* Resources */ = {
			isa = PBXResourcesBuildPhase;
			buildActionMask = 2147483647;
			files = (
				F947E2BA2A2B321500DD91DD /* Preview Assets.xcassets in Resources */,
				F947E2B72A2B321500DD91DD /* Assets.xcassets in Resources */,
			);
			runOnlyForDeploymentPostprocessing = 0;
		};
/* End PBXResourcesBuildPhase section */

/* Begin PBXSourcesBuildPhase section */
		F947E2AB2A2B321400DD91DD /* Sources */ = {
			isa = PBXSourcesBuildPhase;
			buildActionMask = 2147483647;
			files = (
				F98FACA62A643C5100BA1DD6 /* AddPlantView.swift in Sources */,
				F9A7806D2A4232EB00F6E3AA /* PlantListTileView.swift in Sources */,
				F947E2EC2A31FB4C00DD91DD /* TextFieldClearButtonModifier.swift in Sources */,
				F946FA962A5CA7560016C794 /* DoubleExtension.swift in Sources */,
				F9B8AEA82A609EE600D4BD8B /* PlantStatistics.swift in Sources */,
				F98872BA2A72D08A002E9484 /* AddPlantViewModel.swift in Sources */,
				F947E2CD2A2B38D000DD91DD /* SensorsListViewModel.swift in Sources */,
				F98872D92A7FEF9D002E9484 /* PlantView.swift in Sources */,
				F98A52A82ADB0FD9005A261C /* PlantsList.swift in Sources */,
				F946FA8C2A5CA6C00016C794 /* PlantStatsTile.swift in Sources */,
				F947E2C72A2B33AD00DD91DD /* BLEManager.swift in Sources */,
				F947E2C32A2B32A100DD91DD /* Plant.xcdatamodeld in Sources */,
				F947E2D72A2BB82F00DD91DD /* PersistenceController.swift in Sources */,
				F9D643D02AEE7583001FC17F /* MainView.swift in Sources */,
				F947E2CE2A2B38D000DD91DD /* SensorsListView.swift in Sources */,
				F946FA8E2A5CA6C00016C794 /* PlantDetailView.swift in Sources */,
				F9B8AEAA2A63E6B000D4BD8B /* PreviewPlant.swift in Sources */,
				F9A780CC2A57209900F6E3AA /* ShapeExtension.swift in Sources */,
				89B2E1EE2A68376100D01D18 /* PlantStatsModel.swift in Sources */,
				F98872D62A7FE3B8002E9484 /* ProgressBarView.swift in Sources */,
				F946FA942A5CA7110016C794 /* ViewExtension.swift in Sources */,
				F996D48C2A5F174600FF0DEF /* DataExtension.swift in Sources */,
				F9A780472A3DE64900F6E3AA /* PlantListViewModel.swift in Sources */,
				F9A7804C2A3DE93300F6E3AA /* PlantErrorType.swift in Sources */,
				F947E2B32A2B321400DD91DD /* Water_That_PlantApp.swift in Sources */,
				F98872DA2A7FEF9D002E9484 /* PlantViewModel.swift in Sources */,
				F947E2CF2A2B38D000DD91DD /* SensorModel.swift in Sources */,
				F947E2D92A2D073C00DD91DD /* CDPlant+Extension.swift in Sources */,
				F98872B72A6F1AD9002E9484 /* PlantDetailTopBar.swift in Sources */,
				F9A780CA2A57206600F6E3AA /* ColorExtension.swift in Sources */,
			);
			runOnlyForDeploymentPostprocessing = 0;
		};
/* End PBXSourcesBuildPhase section */

/* Begin XCBuildConfiguration section */
		F947E2BB2A2B321500DD91DD /* Debug */ = {
			isa = XCBuildConfiguration;
			buildSettings = {
				ALWAYS_SEARCH_USER_PATHS = NO;
				CLANG_ANALYZER_NONNULL = YES;
				CLANG_ANALYZER_NUMBER_OBJECT_CONVERSION = YES_AGGRESSIVE;
				CLANG_CXX_LANGUAGE_STANDARD = "gnu++20";
				CLANG_ENABLE_MODULES = YES;
				CLANG_ENABLE_OBJC_ARC = YES;
				CLANG_ENABLE_OBJC_WEAK = YES;
				CLANG_WARN_BLOCK_CAPTURE_AUTORELEASING = YES;
				CLANG_WARN_BOOL_CONVERSION = YES;
				CLANG_WARN_COMMA = YES;
				CLANG_WARN_CONSTANT_CONVERSION = YES;
				CLANG_WARN_DEPRECATED_OBJC_IMPLEMENTATIONS = YES;
				CLANG_WARN_DIRECT_OBJC_ISA_USAGE = YES_ERROR;
				CLANG_WARN_DOCUMENTATION_COMMENTS = YES;
				CLANG_WARN_EMPTY_BODY = YES;
				CLANG_WARN_ENUM_CONVERSION = YES;
				CLANG_WARN_INFINITE_RECURSION = YES;
				CLANG_WARN_INT_CONVERSION = YES;
				CLANG_WARN_NON_LITERAL_NULL_CONVERSION = YES;
				CLANG_WARN_OBJC_IMPLICIT_RETAIN_SELF = YES;
				CLANG_WARN_OBJC_LITERAL_CONVERSION = YES;
				CLANG_WARN_OBJC_ROOT_CLASS = YES_ERROR;
				CLANG_WARN_QUOTED_INCLUDE_IN_FRAMEWORK_HEADER = YES;
				CLANG_WARN_RANGE_LOOP_ANALYSIS = YES;
				CLANG_WARN_STRICT_PROTOTYPES = YES;
				CLANG_WARN_SUSPICIOUS_MOVE = YES;
				CLANG_WARN_UNGUARDED_AVAILABILITY = YES_AGGRESSIVE;
				CLANG_WARN_UNREACHABLE_CODE = YES;
				CLANG_WARN__DUPLICATE_METHOD_MATCH = YES;
				COPY_PHASE_STRIP = NO;
				DEBUG_INFORMATION_FORMAT = dwarf;
				ENABLE_STRICT_OBJC_MSGSEND = YES;
				ENABLE_TESTABILITY = YES;
				GCC_C_LANGUAGE_STANDARD = gnu11;
				GCC_DYNAMIC_NO_PIC = NO;
				GCC_NO_COMMON_BLOCKS = YES;
				GCC_OPTIMIZATION_LEVEL = 0;
				GCC_PREPROCESSOR_DEFINITIONS = (
					"DEBUG=1",
					"$(inherited)",
				);
				GCC_WARN_64_TO_32_BIT_CONVERSION = YES;
				GCC_WARN_ABOUT_RETURN_TYPE = YES_ERROR;
				GCC_WARN_UNDECLARED_SELECTOR = YES;
				GCC_WARN_UNINITIALIZED_AUTOS = YES_AGGRESSIVE;
				GCC_WARN_UNUSED_FUNCTION = YES;
				GCC_WARN_UNUSED_VARIABLE = YES;
				IPHONEOS_DEPLOYMENT_TARGET = 16.4;
				MTL_ENABLE_DEBUG_INFO = INCLUDE_SOURCE;
				MTL_FAST_MATH = YES;
				ONLY_ACTIVE_ARCH = YES;
				SDKROOT = iphoneos;
				SWIFT_ACTIVE_COMPILATION_CONDITIONS = DEBUG;
				SWIFT_OPTIMIZATION_LEVEL = "-Onone";
			};
			name = Debug;
		};
		F947E2BC2A2B321500DD91DD /* Release */ = {
			isa = XCBuildConfiguration;
			buildSettings = {
				ALWAYS_SEARCH_USER_PATHS = NO;
				CLANG_ANALYZER_NONNULL = YES;
				CLANG_ANALYZER_NUMBER_OBJECT_CONVERSION = YES_AGGRESSIVE;
				CLANG_CXX_LANGUAGE_STANDARD = "gnu++20";
				CLANG_ENABLE_MODULES = YES;
				CLANG_ENABLE_OBJC_ARC = YES;
				CLANG_ENABLE_OBJC_WEAK = YES;
				CLANG_WARN_BLOCK_CAPTURE_AUTORELEASING = YES;
				CLANG_WARN_BOOL_CONVERSION = YES;
				CLANG_WARN_COMMA = YES;
				CLANG_WARN_CONSTANT_CONVERSION = YES;
				CLANG_WARN_DEPRECATED_OBJC_IMPLEMENTATIONS = YES;
				CLANG_WARN_DIRECT_OBJC_ISA_USAGE = YES_ERROR;
				CLANG_WARN_DOCUMENTATION_COMMENTS = YES;
				CLANG_WARN_EMPTY_BODY = YES;
				CLANG_WARN_ENUM_CONVERSION = YES;
				CLANG_WARN_INFINITE_RECURSION = YES;
				CLANG_WARN_INT_CONVERSION = YES;
				CLANG_WARN_NON_LITERAL_NULL_CONVERSION = YES;
				CLANG_WARN_OBJC_IMPLICIT_RETAIN_SELF = YES;
				CLANG_WARN_OBJC_LITERAL_CONVERSION = YES;
				CLANG_WARN_OBJC_ROOT_CLASS = YES_ERROR;
				CLANG_WARN_QUOTED_INCLUDE_IN_FRAMEWORK_HEADER = YES;
				CLANG_WARN_RANGE_LOOP_ANALYSIS = YES;
				CLANG_WARN_STRICT_PROTOTYPES = YES;
				CLANG_WARN_SUSPICIOUS_MOVE = YES;
				CLANG_WARN_UNGUARDED_AVAILABILITY = YES_AGGRESSIVE;
				CLANG_WARN_UNREACHABLE_CODE = YES;
				CLANG_WARN__DUPLICATE_METHOD_MATCH = YES;
				COPY_PHASE_STRIP = NO;
				DEBUG_INFORMATION_FORMAT = "dwarf-with-dsym";
				ENABLE_NS_ASSERTIONS = NO;
				ENABLE_STRICT_OBJC_MSGSEND = YES;
				GCC_C_LANGUAGE_STANDARD = gnu11;
				GCC_NO_COMMON_BLOCKS = YES;
				GCC_WARN_64_TO_32_BIT_CONVERSION = YES;
				GCC_WARN_ABOUT_RETURN_TYPE = YES_ERROR;
				GCC_WARN_UNDECLARED_SELECTOR = YES;
				GCC_WARN_UNINITIALIZED_AUTOS = YES_AGGRESSIVE;
				GCC_WARN_UNUSED_FUNCTION = YES;
				GCC_WARN_UNUSED_VARIABLE = YES;
				IPHONEOS_DEPLOYMENT_TARGET = 16.4;
				MTL_ENABLE_DEBUG_INFO = NO;
				MTL_FAST_MATH = YES;
				SDKROOT = iphoneos;
				SWIFT_COMPILATION_MODE = wholemodule;
				SWIFT_OPTIMIZATION_LEVEL = "-O";
				VALIDATE_PRODUCT = YES;
			};
			name = Release;
		};
		F947E2BE2A2B321500DD91DD /* Debug */ = {
			isa = XCBuildConfiguration;
			buildSettings = {
				ASSETCATALOG_COMPILER_APPICON_NAME = AppIcon;
				ASSETCATALOG_COMPILER_GLOBAL_ACCENT_COLOR_NAME = AccentColor;
				CODE_SIGN_IDENTITY = "Apple Development";
				CODE_SIGN_STYLE = Automatic;
				CURRENT_PROJECT_VERSION = 1;
				DEVELOPMENT_ASSET_PATHS = "\"Water That Plant/Preview Content\"";
				DEVELOPMENT_TEAM = 7P7SAEN4YN;
				ENABLE_PREVIEWS = YES;
				GENERATE_INFOPLIST_FILE = YES;
				INFOPLIST_KEY_NSBluetoothAlwaysUsageDescription = "\"Used to find plant sensor\"";
				INFOPLIST_KEY_NSBluetoothPeripheralUsageDescription = "\"Used to find plant sensor\"";
				INFOPLIST_KEY_UIApplicationSceneManifest_Generation = YES;
				INFOPLIST_KEY_UIApplicationSupportsIndirectInputEvents = YES;
				INFOPLIST_KEY_UILaunchScreen_Generation = YES;
				INFOPLIST_KEY_UISupportedInterfaceOrientations = UIInterfaceOrientationPortrait;
				IPHONEOS_DEPLOYMENT_TARGET = 17.0;
				LD_RUNPATH_SEARCH_PATHS = (
					"$(inherited)",
					"@executable_path/Frameworks",
				);
				MARKETING_VERSION = 1.0;
				PRODUCT_BUNDLE_IDENTIFIER = "com.koniecznyjan.Water-That-Plant";
				PRODUCT_NAME = "$(TARGET_NAME)";
				PROVISIONING_PROFILE_SPECIFIER = "";
				SWIFT_EMIT_LOC_STRINGS = YES;
				SWIFT_VERSION = 5.0;
				TARGETED_DEVICE_FAMILY = "1,2";
			};
			name = Debug;
		};
		F947E2BF2A2B321500DD91DD /* Release */ = {
			isa = XCBuildConfiguration;
			buildSettings = {
				ASSETCATALOG_COMPILER_APPICON_NAME = AppIcon;
				ASSETCATALOG_COMPILER_GLOBAL_ACCENT_COLOR_NAME = AccentColor;
				CODE_SIGN_IDENTITY = "Apple Development";
				CODE_SIGN_STYLE = Automatic;
				CURRENT_PROJECT_VERSION = 1;
				DEVELOPMENT_ASSET_PATHS = "\"Water That Plant/Preview Content\"";
				DEVELOPMENT_TEAM = 7P7SAEN4YN;
				ENABLE_PREVIEWS = YES;
				GENERATE_INFOPLIST_FILE = YES;
				INFOPLIST_KEY_NSBluetoothAlwaysUsageDescription = "\"Used to find plant sensor\"";
				INFOPLIST_KEY_NSBluetoothPeripheralUsageDescription = "\"Used to find plant sensor\"";
				INFOPLIST_KEY_UIApplicationSceneManifest_Generation = YES;
				INFOPLIST_KEY_UIApplicationSupportsIndirectInputEvents = YES;
				INFOPLIST_KEY_UILaunchScreen_Generation = YES;
				INFOPLIST_KEY_UISupportedInterfaceOrientations = UIInterfaceOrientationPortrait;
				IPHONEOS_DEPLOYMENT_TARGET = 17.0;
				LD_RUNPATH_SEARCH_PATHS = (
					"$(inherited)",
					"@executable_path/Frameworks",
				);
				MARKETING_VERSION = 1.0;
				PRODUCT_BUNDLE_IDENTIFIER = "com.koniecznyjan.Water-That-Plant";
				PRODUCT_NAME = "$(TARGET_NAME)";
				PROVISIONING_PROFILE_SPECIFIER = "";
				SWIFT_EMIT_LOC_STRINGS = YES;
				SWIFT_VERSION = 5.0;
				TARGETED_DEVICE_FAMILY = "1,2";
			};
			name = Release;
		};
/* End XCBuildConfiguration section */

/* Begin XCConfigurationList section */
		F947E2AA2A2B321400DD91DD /* Build configuration list for PBXProject "Water That Plant" */ = {
			isa = XCConfigurationList;
			buildConfigurations = (
				F947E2BB2A2B321500DD91DD /* Debug */,
				F947E2BC2A2B321500DD91DD /* Release */,
			);
			defaultConfigurationIsVisible = 0;
			defaultConfigurationName = Release;
		};
		F947E2BD2A2B321500DD91DD /* Build configuration list for PBXNativeTarget "Water That Plant" */ = {
			isa = XCConfigurationList;
			buildConfigurations = (
				F947E2BE2A2B321500DD91DD /* Debug */,
				F947E2BF2A2B321500DD91DD /* Release */,
			);
			defaultConfigurationIsVisible = 0;
			defaultConfigurationName = Release;
		};
/* End XCConfigurationList section */

/* Begin XCVersionGroup section */
		F947E2C02A2B32A100DD91DD /* Plant.xcdatamodeld */ = {
			isa = XCVersionGroup;
			children = (
				F947E2C12A2B32A100DD91DD /* Plant.xcdatamodel */,
			);
			currentVersion = F947E2C12A2B32A100DD91DD /* Plant.xcdatamodel */;
			path = Plant.xcdatamodeld;
			sourceTree = "<group>";
			versionGroupType = wrapper.xcdatamodel;
		};
/* End XCVersionGroup section */
	};
	rootObject = F947E2A72A2B321400DD91DD /* Project object */;
}
